
Microsoft Visual Studio Solution File, Format Version 12.00
Project("{2150E333-8FDC-42A3-9474-1A3956D46DE8}") = "Core", "Core", "{BE582644-4AAE-40BD-ACFA-0E86FC61DB15}"
EndProject
Project("{2150E333-8FDC-42A3-9474-1A3956D46DE8}") = "Infrastructure", "Infrastructure", "{53C36E1F-0D0A-4C3F-AE42-8106143B2185}"
EndProject
Project("{2150E333-8FDC-42A3-9474-1A3956D46DE8}") = "Presentation", "Presentation", "{5C511761-EF66-426D-B01B-74586FB9188A}"
EndProject
Project("{2150E333-8FDC-42A3-9474-1A3956D46DE8}") = "Test", "Test", "{6D5BF2B5-720F-4333-BDB8-C1F8AC74A515}"
EndProject
Project("{FAE04EC0-301F-11D3-BF4B-00C04F79EFBC}") = "Shop.Entities", "Core\Shop.Entities\Shop.Entities.csproj", "{9B1DC6C1-DFAE-4145-A97E-7A269673A2E7}"
EndProject
Project("{FAE04EC0-301F-11D3-BF4B-00C04F79EFBC}") = "Shop.Sevices", "Core\Shop.Sevices\Shop.Sevices.csproj", "{7442EF2B-C150-4938-9E5C-89DDF1C114D8}"
EndProject
Project("{FAE04EC0-301F-11D3-BF4B-00C04F79EFBC}") = "Shop.Application", "Core\Shop.Application\Shop.Application.csproj", "{A40A8405-5B6D-438E-B1D5-23C43327D13E}"
EndProject
Project("{FAE04EC0-301F-11D3-BF4B-00C04F79EFBC}") = "Shop.RestApi", "Presentation\Shop.RestApi\Shop.RestApi.csproj", "{5F14F07B-CA55-421B-AC32-28C5E115BB47}"
EndProject
Project("{FAE04EC0-301F-11D3-BF4B-00C04F79EFBC}") = "Shop.Migration", "Infrastructure\Shop.Migration\Shop.Migration.csproj", "{459ABF72-B80A-4F5C-9903-139D764A9FC1}"
EndProject
Project("{FAE04EC0-301F-11D3-BF4B-00C04F79EFBC}") = "Shop.Persistence.Ef", "Infrastructure\Shop.Persistence.Ef\Shop.Persistence.Ef.csproj", "{4A272512-682B-43CC-8BF7-2EDA78262A09}"
EndProject
Project("{FAE04EC0-301F-11D3-BF4B-00C04F79EFBC}") = "Shop.Infrastructures", "Infrastructure\Shop.Infrastructures\Shop.Infrastructures.csproj", "{BE8A583E-0491-498E-8E3F-476699261127}"
EndProject
Global
	GlobalSection(SolutionConfigurationPlatforms) = preSolution
		Debug|Any CPU = Debug|Any CPU
		Release|Any CPU = Release|Any CPU
	EndGlobalSection
	GlobalSection(NestedProjects) = preSolution
		{9B1DC6C1-DFAE-4145-A97E-7A269673A2E7} = {BE582644-4AAE-40BD-ACFA-0E86FC61DB15}
		{7442EF2B-C150-4938-9E5C-89DDF1C114D8} = {BE582644-4AAE-40BD-ACFA-0E86FC61DB15}
		{A40A8405-5B6D-438E-B1D5-23C43327D13E} = {BE582644-4AAE-40BD-ACFA-0E86FC61DB15}
		{5F14F07B-CA55-421B-AC32-28C5E115BB47} = {5C511761-EF66-426D-B01B-74586FB9188A}
		{459ABF72-B80A-4F5C-9903-139D764A9FC1} = {53C36E1F-0D0A-4C3F-AE42-8106143B2185}
		{4A272512-682B-43CC-8BF7-2EDA78262A09} = {53C36E1F-0D0A-4C3F-AE42-8106143B2185}
		{BE8A583E-0491-498E-8E3F-476699261127} = {53C36E1F-0D0A-4C3F-AE42-8106143B2185}
	EndGlobalSection
	GlobalSection(ProjectConfigurationPlatforms) = postSolution
		{9B1DC6C1-DFAE-4145-A97E-7A269673A2E7}.Debug|Any CPU.ActiveCfg = Debug|Any CPU
		{9B1DC6C1-DFAE-4145-A97E-7A269673A2E7}.Debug|Any CPU.Build.0 = Debug|Any CPU
		{9B1DC6C1-DFAE-4145-A97E-7A269673A2E7}.Release|Any CPU.ActiveCfg = Release|Any CPU
		{9B1DC6C1-DFAE-4145-A97E-7A269673A2E7}.Release|Any CPU.Build.0 = Release|Any CPU
		{7442EF2B-C150-4938-9E5C-89DDF1C114D8}.Debug|Any CPU.ActiveCfg = Debug|Any CPU
		{7442EF2B-C150-4938-9E5C-89DDF1C114D8}.Debug|Any CPU.Build.0 = Debug|Any CPU
		{7442EF2B-C150-4938-9E5C-89DDF1C114D8}.Release|Any CPU.ActiveCfg = Release|Any CPU
		{7442EF2B-C150-4938-9E5C-89DDF1C114D8}.Release|Any CPU.Build.0 = Release|Any CPU
		{A40A8405-5B6D-438E-B1D5-23C43327D13E}.Debug|Any CPU.ActiveCfg = Debug|Any CPU
		{A40A8405-5B6D-438E-B1D5-23C43327D13E}.Debug|Any CPU.Build.0 = Debug|Any CPU
		{A40A8405-5B6D-438E-B1D5-23C43327D13E}.Release|Any CPU.ActiveCfg = Release|Any CPU
		{A40A8405-5B6D-438E-B1D5-23C43327D13E}.Release|Any CPU.Build.0 = Release|Any CPU
		{5F14F07B-CA55-421B-AC32-28C5E115BB47}.Debug|Any CPU.ActiveCfg = Debug|Any CPU
		{5F14F07B-CA55-421B-AC32-28C5E115BB47}.Debug|Any CPU.Build.0 = Debug|Any CPU
		{5F14F07B-CA55-421B-AC32-28C5E115BB47}.Release|Any CPU.ActiveCfg = Release|Any CPU
		{5F14F07B-CA55-421B-AC32-28C5E115BB47}.Release|Any CPU.Build.0 = Release|Any CPU
		{459ABF72-B80A-4F5C-9903-139D764A9FC1}.Debug|Any CPU.ActiveCfg = Debug|Any CPU
		{459ABF72-B80A-4F5C-9903-139D764A9FC1}.Debug|Any CPU.Build.0 = Debug|Any CPU
		{459ABF72-B80A-4F5C-9903-139D764A9FC1}.Release|Any CPU.ActiveCfg = Release|Any CPU
		{459ABF72-B80A-4F5C-9903-139D764A9FC1}.Release|Any CPU.Build.0 = Release|Any CPU
		{4A272512-682B-43CC-8BF7-2EDA78262A09}.Debug|Any CPU.ActiveCfg = Debug|Any CPU
		{4A272512-682B-43CC-8BF7-2EDA78262A09}.Debug|Any CPU.Build.0 = Debug|Any CPU
		{4A272512-682B-43CC-8BF7-2EDA78262A09}.Release|Any CPU.ActiveCfg = Release|Any CPU
		{4A272512-682B-43CC-8BF7-2EDA78262A09}.Release|Any CPU.Build.0 = Release|Any CPU
		{BE8A583E-0491-498E-8E3F-476699261127}.Debug|Any CPU.ActiveCfg = Debug|Any CPU
		{BE8A583E-0491-498E-8E3F-476699261127}.Debug|Any CPU.Build.0 = Debug|Any CPU
		{BE8A583E-0491-498E-8E3F-476699261127}.Release|Any CPU.ActiveCfg = Release|Any CPU
		{BE8A583E-0491-498E-8E3F-476699261127}.Release|Any CPU.Build.0 = Release|Any CPU
	EndGlobalSection
EndGlobal
